
Microsoft Visual Studio Solution File, Format Version 12.00
# Visual Studio 15
VisualStudioVersion = 15.0.27428.2015
MinimumVisualStudioVersion = 10.0.40219.1
Project("{FAE04EC0-301F-11D3-BF4B-00C04F79EFBC}") = "CarParking", "CarParking\CarParking.csproj", "{0C4F0A98-90DC-427A-AAFA-34F00C720757}"
EndProject
Global
	GlobalSection(SolutionConfigurationPlatforms) = preSolution
		Debug|Any CPU = Debug|Any CPU
		Release|Any CPU = Release|Any CPU
	EndGlobalSection
	GlobalSection(ProjectConfigurationPlatforms) = postSolution
		{0C4F0A98-90DC-427A-AAFA-34F00C720757}.Debug|Any CPU.ActiveCfg = Debug|Any CPU
		{0C4F0A98-90DC-427A-AAFA-34F00C720757}.Debug|Any CPU.Build.0 = Debug|Any CPU
		{0C4F0A98-90DC-427A-AAFA-34F00C720757}.Release|Any CPU.ActiveCfg = Release|Any CPU
		{0C4F0A98-90DC-427A-AAFA-34F00C720757}.Release|Any CPU.Build.0 = Release|Any CPU
	EndGlobalSection
	GlobalSection(SolutionProperties) = preSolution
		HideSolutionNode = FALSE
	EndGlobalSection
	GlobalSection(ExtensibilityGlobals) = postSolution
		SolutionGuid = {2056F134-C025-48DB-9330-59581C501301}
	EndGlobalSection
EndGlobal
